
Microsoft Visual Studio Solution File, Format Version 12.00
# Visual Studio 2012
Project("{FAE04EC0-301F-11D3-BF4B-00C04F79EFBC}") = "RealSnake", "RealSnake\RealSnake.csproj", "{BB9EE031-37EC-4A62-9FA8-5AB99CD91B75}"
EndProject
Global
	GlobalSection(SolutionConfigurationPlatforms) = preSolution
		Debug|x86 = Debug|x86
		Release|x86 = Release|x86
	EndGlobalSection
	GlobalSection(ProjectConfigurationPlatforms) = postSolution
		{BB9EE031-37EC-4A62-9FA8-5AB99CD91B75}.Debug|x86.ActiveCfg = Debug|x86
		{BB9EE031-37EC-4A62-9FA8-5AB99CD91B75}.Debug|x86.Build.0 = Debug|x86
		{BB9EE031-37EC-4A62-9FA8-5AB99CD91B75}.Release|x86.ActiveCfg = Release|x86
		{BB9EE031-37EC-4A62-9FA8-5AB99CD91B75}.Release|x86.Build.0 = Release|x86
	EndGlobalSection
EndGlobal
