
Microsoft Visual Studio Solution File, Format Version 12.00
# Visual Studio 2012
Project("{FAE04EC0-301F-11D3-BF4B-00C04F79EFBC}") = "XmlSerialization", "XmlSerialization\XmlSerialization.csproj", "{1DF6D1C4-8D6C-497D-B5B3-631E2F22F07F}"
EndProject
Global
	GlobalSection(SolutionConfigurationPlatforms) = preSolution
		Debug|x86 = Debug|x86
		Release|x86 = Release|x86
	EndGlobalSection
	GlobalSection(ProjectConfigurationPlatforms) = postSolution
		{1DF6D1C4-8D6C-497D-B5B3-631E2F22F07F}.Debug|x86.ActiveCfg = Debug|x86
		{1DF6D1C4-8D6C-497D-B5B3-631E2F22F07F}.Debug|x86.Build.0 = Debug|x86
		{1DF6D1C4-8D6C-497D-B5B3-631E2F22F07F}.Release|x86.ActiveCfg = Release|x86
		{1DF6D1C4-8D6C-497D-B5B3-631E2F22F07F}.Release|x86.Build.0 = Release|x86
	EndGlobalSection
EndGlobal
